{
    "name": "gsap-trial",
    "version": "3.12.5",
    "lockfileVersion": 2,
    "requires": true,
    "packages": {
        "": {
            "name": "gsap-trial",
            "version": "3.12.5",
            "license": "This package should only be used by individuals/companies with an active Club GSAP membership. See https://gsap.com/pricing/. Licensing: https://gsap.com/licensing/"
        }
    }
}
